
Microsoft Visual Studio Solution File, Format Version 12.00
# Visual Studio Version 17
VisualStudioVersion = 17.4.33103.184
MinimumVisualStudioVersion = 10.0.40219.1
Project("{FAE04EC0-301F-11D3-BF4B-00C04F79EFBC}") = "Auth_Login", "Auth_Login.csproj", "{71FF5CF9-8DA6-4026-9351-74654F21FC04}"
EndProject
Global
	GlobalSection(SolutionConfigurationPlatforms) = preSolution
		Debug|Any CPU = Debug|Any CPU
		Release|Any CPU = Release|Any CPU
	EndGlobalSection
	GlobalSection(ProjectConfigurationPlatforms) = postSolution
		{71FF5CF9-8DA6-4026-9351-74654F21FC04}.Debug|Any CPU.ActiveCfg = Debug|Any CPU
		{71FF5CF9-8DA6-4026-9351-74654F21FC04}.Debug|Any CPU.Build.0 = Debug|Any CPU
		{71FF5CF9-8DA6-4026-9351-74654F21FC04}.Release|Any CPU.ActiveCfg = Release|Any CPU
		{71FF5CF9-8DA6-4026-9351-74654F21FC04}.Release|Any CPU.Build.0 = Release|Any CPU
	EndGlobalSection
	GlobalSection(SolutionProperties) = preSolution
		HideSolutionNode = FALSE
	EndGlobalSection
	GlobalSection(ExtensibilityGlobals) = postSolution
		SolutionGuid = {C953275A-DEFC-4C52-92A7-E4005E41C241}
	EndGlobalSection
EndGlobal
